
Microsoft Visual Studio Solution File, Format Version 11.00
# Visual Studio 2010
Project("{FAE04EC0-301F-11D3-BF4B-00C04F79EFBC}") = "OdeToFood", "OdeToFood\OdeToFood.csproj", "{3C9B2FF3-FE3A-494E-8336-7B862A9C8B63}"
EndProject
Project("{FAE04EC0-301F-11D3-BF4B-00C04F79EFBC}") = "OdeToFood.Tests", "OdeToFood.Tests\OdeToFood.Tests.csproj", "{749AB4E6-F390-4A02-A4C9-E2024F2EF4FF}"
EndProject
Global
	GlobalSection(SolutionConfigurationPlatforms) = preSolution
		Debug|Any CPU = Debug|Any CPU
		Release|Any CPU = Release|Any CPU
	EndGlobalSection
	GlobalSection(ProjectConfigurationPlatforms) = postSolution
		{3C9B2FF3-FE3A-494E-8336-7B862A9C8B63}.Debug|Any CPU.ActiveCfg = Debug|Any CPU
		{3C9B2FF3-FE3A-494E-8336-7B862A9C8B63}.Debug|Any CPU.Build.0 = Debug|Any CPU
		{3C9B2FF3-FE3A-494E-8336-7B862A9C8B63}.Release|Any CPU.ActiveCfg = Release|Any CPU
		{3C9B2FF3-FE3A-494E-8336-7B862A9C8B63}.Release|Any CPU.Build.0 = Release|Any CPU
		{749AB4E6-F390-4A02-A4C9-E2024F2EF4FF}.Debug|Any CPU.ActiveCfg = Debug|Any CPU
		{749AB4E6-F390-4A02-A4C9-E2024F2EF4FF}.Debug|Any CPU.Build.0 = Debug|Any CPU
		{749AB4E6-F390-4A02-A4C9-E2024F2EF4FF}.Release|Any CPU.ActiveCfg = Release|Any CPU
		{749AB4E6-F390-4A02-A4C9-E2024F2EF4FF}.Release|Any CPU.Build.0 = Release|Any CPU
	EndGlobalSection
	GlobalSection(SolutionProperties) = preSolution
		HideSolutionNode = FALSE
	EndGlobalSection
EndGlobal
